# THIS IS AN AUTOGENERATED FILE. DO NOT EDIT THIS FILE DIRECTLY.
# yarn lockfile v1


"@noble/curves@^0.8.2":
  version "0.8.3"
  resolved "https://registry.yarnpkg.com/@noble/curves/-/curves-0.8.3.tgz#ad6d48baf2599cf1d58dcb734c14d5225c8996e0"
  integrity sha512-OqaOf4RWDaCRuBKJLDURrgVxjLmneGsiCXGuzYB5y95YithZMA6w4uk34DHSm0rKMrrYiaeZj48/81EvaAScLQ==
  dependencies:
    "@noble/hashes" "1.3.0"

"@noble/hashes@1.3.0", "@noble/hashes@^1.1.2":
  version "1.3.0"
  resolved "https://registry.yarnpkg.com/@noble/hashes/-/hashes-1.3.0.tgz#085fd70f6d7d9d109671090ccae1d3bec62554a1"
  integrity sha512-ilHEACi9DwqJB0pw7kv+Apvh50jiiSyR/cQ3y4W7lOR5mhvn/50FLUfsnfJz0BDZtl/RR16kXvptiv6q1msYZg==

"@noble/secp256k1@^1.7.1":
  version "1.7.1"
  resolved "https://registry.yarnpkg.com/@noble/secp256k1/-/secp256k1-1.7.1.tgz#b251c70f824ce3ca7f8dc3df08d58f005cc0507c"
  integrity sha512-hOUk6AyBFmqVrv7k5WAw/LpszxVbj9gGN4JRkIX52fdFAj1UA61KXmZDvqVEm+pOyec3+fIeZB02LYa/pWOArw==

"@wagmi/chains@~0.2.11":
  version "0.2.20"
  resolved "https://registry.yarnpkg.com/@wagmi/chains/-/chains-0.2.20.tgz#f8370d3266a86c2fdc8e3b9fb8d5d960bc89f30f"
  integrity sha512-VdsyZrukVkDbQQBAfQel/Ro7EMBzlO/xYMSblad+v+RMA0CbXYtSx0obiZhfVmK+8IR/5XeSkvv6gC95UReFjA==

abitype@~0.7.1:
  version "0.7.1"
  resolved "https://registry.yarnpkg.com/abitype/-/abitype-0.7.1.tgz#16db20abe67de80f6183cf75f3de1ff86453b745"
  integrity sha512-VBkRHTDZf9Myaek/dO3yMmOzB/y2s3Zo6nVU7yaw1G+TvCHAjwaJzNGN9yo4K5D8bU/VZXKP1EJpRhFr862PlQ==

bcrypto@^5.4.0:
  version "5.4.0"
  resolved "https://registry.yarnpkg.com/bcrypto/-/bcrypto-5.4.0.tgz#4046f0c44a4b301eff84de593b4f86fce8d91db2"
  integrity sha512-KDX2CR29o6ZoqpQndcCxFZAtYA1jDMnXU3jmCfzP44g++Cu7AHHtZN/JbrN/MXAg9SLvtQ8XISG+eVD9zH1+Jg==
  dependencies:
    bufio "~1.0.7"
    loady "~0.0.5"

bufio@~1.0.7:
  version "1.0.7"
  resolved "https://registry.yarnpkg.com/bufio/-/bufio-1.0.7.tgz#b7f63a1369a0829ed64cc14edf0573b3e382a33e"
  integrity sha512-bd1dDQhiC+bEbEfg56IdBv7faWa6OipMs/AFFFvtFnB3wAYjlwQpQRZ0pm6ZkgtfL0pILRXhKxOiQj6UzoMR7A==

idna-uts46-hx@^4.1.2:
  version "4.1.2"
  resolved "https://registry.yarnpkg.com/idna-uts46-hx/-/idna-uts46-hx-4.1.2.tgz#b7ecf6b603abf1d81972d0a9a1335d7bc1eda553"
  integrity sha512-EAB3egrcalcTQHcjA7yzXXkE4E09TIFerR//4yUYGYCeCfXmkU0LgsGJgYSIQA1lQunfsn4ZCWJhbelgl3cdiQ==
  dependencies:
    punycode "^2.1.1"

isomorphic-ws@^5.0.0:
  version "5.0.0"
  resolved "https://registry.yarnpkg.com/isomorphic-ws/-/isomorphic-ws-5.0.0.tgz#e5529148912ecb9b451b46ed44d53dae1ce04bbf"
  integrity sha512-muId7Zzn9ywDsyXgTIafTry2sV3nySZeUDe6YedVd1Hvuuep5AsIlqK+XefWpYTyJG5e503F2xIuT2lcU6rCSw==

loady@~0.0.5:
  version "0.0.5"
  resolved "https://registry.yarnpkg.com/loady/-/loady-0.0.5.tgz#b17adb52d2fb7e743f107b0928ba0b591da5d881"
  integrity sha512-uxKD2HIj042/HBx77NBcmEPsD+hxCgAtjEWlYNScuUjIsh/62Uyu39GOR68TBR68v+jqDL9zfftCWoUo4y03sQ==

punycode@^2.1.1:
  version "2.3.0"
  resolved "https://registry.yarnpkg.com/punycode/-/punycode-2.3.0.tgz#f67fa67c94da8f4d0cfff981aee4118064199b8f"
  integrity sha512-rRV+zQD8tVFys26lAGR9WUuS4iUAngJScM+ZRSKtvl5tKeZ2t5bvdNFdNHBW9FWR4guGHlgmsZ1G7BSm2wTbuA==

viem@^0.1.16:
  version "0.1.26"
  resolved "https://registry.yarnpkg.com/viem/-/viem-0.1.26.tgz#2ce12547c7137025795e3bcaeb99f33eafebe1bf"
  integrity sha512-6oSGhDtgb64hjhBxOu5TPy9WT5rMww2iFuDASIOAB6kHJQ2NIVJabrnA/BQoBXbv3SJyyX/622enh5YX8MYTYg==
  dependencies:
    "@noble/hashes" "^1.1.2"
    "@noble/secp256k1" "^1.7.1"
    "@wagmi/chains" "~0.2.11"
    abitype "~0.7.1"
    idna-uts46-hx "^4.1.2"
    isomorphic-ws "^5.0.0"
    ws "^8.12.0"

ws@^8.12.0:
  version "8.13.0"
  resolved "https://registry.yarnpkg.com/ws/-/ws-8.13.0.tgz#9a9fb92f93cf41512a0735c8f4dd09b8a1211cd0"
  integrity sha512-x9vcZYTrFPC7aSIbj7sRCYo7L/Xb8Iy+pW0ng0wt2vCJv7M9HOMy0UoN3rr+IFC7hb7vXoqS+P9ktyLLLhO+LA==
